
Microsoft Visual Studio Solution File, Format Version 12.00
# Visual Studio Version 16
VisualStudioVersion = 16.0.32802.440
MinimumVisualStudioVersion = 10.0.40219.1
Project("{FAE04EC0-301F-11D3-BF4B-00C04F79EFBC}") = "premperor", "premperor\premperor.csproj", "{08DBB872-4545-4B3C-8201-FE3DC01A233D}"
EndProject
Global
	GlobalSection(SolutionConfigurationPlatforms) = preSolution
		Debug|Any CPU = Debug|Any CPU
		Release|Any CPU = Release|Any CPU
	EndGlobalSection
	GlobalSection(ProjectConfigurationPlatforms) = postSolution
		{08DBB872-4545-4B3C-8201-FE3DC01A233D}.Debug|Any CPU.ActiveCfg = Debug|Any CPU
		{08DBB872-4545-4B3C-8201-FE3DC01A233D}.Debug|Any CPU.Build.0 = Debug|Any CPU
		{08DBB872-4545-4B3C-8201-FE3DC01A233D}.Release|Any CPU.ActiveCfg = Release|Any CPU
		{08DBB872-4545-4B3C-8201-FE3DC01A233D}.Release|Any CPU.Build.0 = Release|Any CPU
	EndGlobalSection
	GlobalSection(SolutionProperties) = preSolution
		HideSolutionNode = FALSE
	EndGlobalSection
	GlobalSection(ExtensibilityGlobals) = postSolution
		SolutionGuid = {FA6737D7-00F1-4815-B028-F772F4953DD7}
	EndGlobalSection
EndGlobal
